<?xml version="1.0" encoding="UTF-8" standalone="yes" ?>
<CodeBlocks_project_file>
	<FileVersion major="1" minor="6" />
	<Project>
		<Option title="simulator" />
		<Option pch_mode="2" />
		<Option compiler="gcc" />
		<Build>
			<Target title="Debug">
				<Option output="bin/Debug/simulator" prefix_auto="1" extension_auto="1" />
				<Option object_output="obj/Debug/" />
				<Option type="1" />
				<Option compiler="gcc" />
				<Compiler>
					<Add option="-g" />
				</Compiler>
			</Target>
			<Target title="Release">
				<Option output="bin/Release/simulator" prefix_auto="1" extension_auto="1" />
				<Option object_output="obj/Release/" />
				<Option type="1" />
				<Option compiler="gcc" />
				<Compiler>
					<Add option="-O2" />
				</Compiler>
				<Linker>
					<Add option="-s" />
				</Linker>
			</Target>
		</Build>
		<Compiler>
			<Add option="-Wall" />
		</Compiler>
		<Unit filename="ffout.c">
			<Option compilerVar="CC" />
		</Unit>
		<Unit filename="globalsig.h" />
		<Unit filename="init_rom.c">
			<Option compilerVar="CC" />
		</Unit>
		<Unit filename="inst_decode.c">
			<Option compilerVar="CC" />
		</Unit>
		<Unit filename="inst_execute.c">
			<Option compilerVar="CC" />
		</Unit>
		<Unit filename="inst_fetch.c">
			<Option compilerVar="CC" />
		</Unit>
		<Unit filename="inst_memacc.c">
			<Option compilerVar="CC" />
		</Unit>
		<Unit filename="inst_wb.c">
			<Option compilerVar="CC" />
		</Unit>
		<Unit filename="main.c">
			<Option compilerVar="CC" />
		</Unit>
		<Unit filename="memory.h" />
		<Unit filename="opcode_define.h" />
		<Unit filename="read_regfile.c">
			<Option compilerVar="CC" />
		</Unit>
		<Unit filename="readram.c">
			<Option compilerVar="CC" />
		</Unit>
		<Unit filename="regfile.h" />
		<Unit filename="watchpoint.c">
			<Option compilerVar="CC" />
		</Unit>
		<Extensions>
			<code_completion />
			<debugger />
			<envvars />
		</Extensions>
	</Project>
</CodeBlocks_project_file>
